
Microsoft Visual Studio Solution File, Format Version 12.00
# Visual Studio Version 17
VisualStudioVersion = 17.0.31903.59
MinimumVisualStudioVersion = 10.0.40219.1
Project("{FAE04EC0-301F-11D3-BF4B-00C04F79EFBC}") = "API", "API\API.csproj", "{58984589-49F8-491F-AA53-504BEC1D092D}"
EndProject
Project("{FAE04EC0-301F-11D3-BF4B-00C04F79EFBC}") = "Application", "Application\Application.csproj", "{013B1094-1DF6-4022-9BE0-6F2C357B56AF}"
EndProject
Project("{FAE04EC0-301F-11D3-BF4B-00C04F79EFBC}") = "Persistence", "Persistence\Persistence.csproj", "{1038A898-D49D-4EDF-863D-60F1E2690539}"
EndProject
Project("{FAE04EC0-301F-11D3-BF4B-00C04F79EFBC}") = "Domain", "Domain\Domain.csproj", "{852554B1-3AC7-4F2B-9738-95661A07EFCB}"
EndProject
Global
	GlobalSection(SolutionConfigurationPlatforms) = preSolution
		Debug|Any CPU = Debug|Any CPU
		Release|Any CPU = Release|Any CPU
	EndGlobalSection
	GlobalSection(SolutionProperties) = preSolution
		HideSolutionNode = FALSE
	EndGlobalSection
	GlobalSection(ProjectConfigurationPlatforms) = postSolution
		{58984589-49F8-491F-AA53-504BEC1D092D}.Debug|Any CPU.ActiveCfg = Debug|Any CPU
		{58984589-49F8-491F-AA53-504BEC1D092D}.Debug|Any CPU.Build.0 = Debug|Any CPU
		{58984589-49F8-491F-AA53-504BEC1D092D}.Release|Any CPU.ActiveCfg = Release|Any CPU
		{58984589-49F8-491F-AA53-504BEC1D092D}.Release|Any CPU.Build.0 = Release|Any CPU
		{013B1094-1DF6-4022-9BE0-6F2C357B56AF}.Debug|Any CPU.ActiveCfg = Debug|Any CPU
		{013B1094-1DF6-4022-9BE0-6F2C357B56AF}.Debug|Any CPU.Build.0 = Debug|Any CPU
		{013B1094-1DF6-4022-9BE0-6F2C357B56AF}.Release|Any CPU.ActiveCfg = Release|Any CPU
		{013B1094-1DF6-4022-9BE0-6F2C357B56AF}.Release|Any CPU.Build.0 = Release|Any CPU
		{1038A898-D49D-4EDF-863D-60F1E2690539}.Debug|Any CPU.ActiveCfg = Debug|Any CPU
		{1038A898-D49D-4EDF-863D-60F1E2690539}.Debug|Any CPU.Build.0 = Debug|Any CPU
		{1038A898-D49D-4EDF-863D-60F1E2690539}.Release|Any CPU.ActiveCfg = Release|Any CPU
		{1038A898-D49D-4EDF-863D-60F1E2690539}.Release|Any CPU.Build.0 = Release|Any CPU
		{852554B1-3AC7-4F2B-9738-95661A07EFCB}.Debug|Any CPU.ActiveCfg = Debug|Any CPU
		{852554B1-3AC7-4F2B-9738-95661A07EFCB}.Debug|Any CPU.Build.0 = Debug|Any CPU
		{852554B1-3AC7-4F2B-9738-95661A07EFCB}.Release|Any CPU.ActiveCfg = Release|Any CPU
		{852554B1-3AC7-4F2B-9738-95661A07EFCB}.Release|Any CPU.Build.0 = Release|Any CPU
	EndGlobalSection
EndGlobal
